
Microsoft Visual Studio Solution File, Format Version 12.00
# Visual Studio Version 16
VisualStudioVersion = 16.0.31424.327
MinimumVisualStudioVersion = 10.0.40219.1
Project("{FAE04EC0-301F-11D3-BF4B-00C04F79EFBC}") = "Nursery Management System", "Nursery Management System.csproj", "{657E10ED-A272-4413-9EC3-03E77D8F56E0}"
EndProject
Project("{FAE04EC0-301F-11D3-BF4B-00C04F79EFBC}") = "NurseryDataAccessLayer", "NurseryDataAccessLayer\NurseryDataAccessLayer.csproj", "{F513FD6E-D9E6-4C8C-987C-50B54DD49FC8}"
EndProject
Global
	GlobalSection(SolutionConfigurationPlatforms) = preSolution
		Debug|Any CPU = Debug|Any CPU
		Release|Any CPU = Release|Any CPU
	EndGlobalSection
	GlobalSection(ProjectConfigurationPlatforms) = postSolution
		{657E10ED-A272-4413-9EC3-03E77D8F56E0}.Debug|Any CPU.ActiveCfg = Debug|Any CPU
		{657E10ED-A272-4413-9EC3-03E77D8F56E0}.Debug|Any CPU.Build.0 = Debug|Any CPU
		{657E10ED-A272-4413-9EC3-03E77D8F56E0}.Release|Any CPU.ActiveCfg = Release|Any CPU
		{657E10ED-A272-4413-9EC3-03E77D8F56E0}.Release|Any CPU.Build.0 = Release|Any CPU
		{F513FD6E-D9E6-4C8C-987C-50B54DD49FC8}.Debug|Any CPU.ActiveCfg = Debug|Any CPU
		{F513FD6E-D9E6-4C8C-987C-50B54DD49FC8}.Debug|Any CPU.Build.0 = Debug|Any CPU
		{F513FD6E-D9E6-4C8C-987C-50B54DD49FC8}.Release|Any CPU.ActiveCfg = Release|Any CPU
		{F513FD6E-D9E6-4C8C-987C-50B54DD49FC8}.Release|Any CPU.Build.0 = Release|Any CPU
	EndGlobalSection
	GlobalSection(SolutionProperties) = preSolution
		HideSolutionNode = FALSE
	EndGlobalSection
	GlobalSection(ExtensibilityGlobals) = postSolution
		SolutionGuid = {3C72F4C7-AEF0-4570-9AF1-904B489C7675}
	EndGlobalSection
EndGlobal
